Microsoft Visual Studio Solution File, Format Version 12.00
# Visual Studio Version 17
VisualStudioVersion = 17.12.35527.113
MinimumVisualStudioVersion = 10.0.40219.1
Project("{FAE04EC0-301F-11D3-BF4B-00C04F79EFBC}") = "IPv6SubnettingTool", "IPv6SubnettingTool\IPv6SubnettingTool.csproj", "{A064995B-639C-4184-ACA9-A7174A9A9DD8}"
EndProject
Project("{2150E333-8FDC-42A3-9474-1A3956D46DE8}") = "Solution Items", "Solution Items", "{9E628659-96A5-4A3A-ADE1-DAF4586A25B8}"
EndProject
Project("{C7167F0D-BC9F-4E6E-AFE1-012C56B48DB5}") = "IPv6SubnetCalculatorTool", "IPv6SubnetCalculatorTool\IPv6SubnetCalculatorTool.wapproj", "{F66FAF40-EA6D-4E98-A0F5-C84BA30FB1FA}"
EndProject
Global
	GlobalSection(SolutionConfigurationPlatforms) = preSolution
		Debug|Any CPU = Debug|Any CPU
		Debug|ARM = Debug|ARM
		Debug|ARM64 = Debug|ARM64
		Debug|x64 = Debug|x64
		Debug|x86 = Debug|x86
		Release|Any CPU = Release|Any CPU
		Release|ARM = Release|ARM
		Release|ARM64 = Release|ARM64
		Release|x64 = Release|x64
		Release|x86 = Release|x86
	EndGlobalSection
	GlobalSection(ProjectConfigurationPlatforms) = postSolution
		{A064995B-639C-4184-ACA9-A7174A9A9DD8}.Debug|Any CPU.ActiveCfg = Debug|Any CPU
		{A064995B-639C-4184-ACA9-A7174A9A9DD8}.Debug|Any CPU.Build.0 = Debug|Any CPU
		{A064995B-639C-4184-ACA9-A7174A9A9DD8}.Debug|ARM.ActiveCfg = Debug|Any CPU
		{A064995B-639C-4184-ACA9-A7174A9A9DD8}.Debug|ARM.Build.0 = Debug|Any CPU
		{A064995B-639C-4184-ACA9-A7174A9A9DD8}.Debug|ARM64.ActiveCfg = Debug|Any CPU
		{A064995B-639C-4184-ACA9-A7174A9A9DD8}.Debug|ARM64.Build.0 = Debug|Any CPU
		{A064995B-639C-4184-ACA9-A7174A9A9DD8}.Debug|x64.ActiveCfg = Debug|Any CPU
		{A064995B-639C-4184-ACA9-A7174A9A9DD8}.Debug|x64.Build.0 = Debug|Any CPU
		{A064995B-639C-4184-ACA9-A7174A9A9DD8}.Debug|x86.ActiveCfg = Debug|Any CPU
		{A064995B-639C-4184-ACA9-A7174A9A9DD8}.Debug|x86.Build.0 = Debug|Any CPU
		{A064995B-639C-4184-ACA9-A7174A9A9DD8}.Release|Any CPU.ActiveCfg = Release|Any CPU
		{A064995B-639C-4184-ACA9-A7174A9A9DD8}.Release|Any CPU.Build.0 = Release|Any CPU
		{A064995B-639C-4184-ACA9-A7174A9A9DD8}.Release|ARM.ActiveCfg = Release|Any CPU
		{A064995B-639C-4184-ACA9-A7174A9A9DD8}.Release|ARM.Build.0 = Release|Any CPU
		{A064995B-639C-4184-ACA9-A7174A9A9DD8}.Release|ARM64.ActiveCfg = Release|Any CPU
		{A064995B-639C-4184-ACA9-A7174A9A9DD8}.Release|ARM64.Build.0 = Release|Any CPU
		{A064995B-639C-4184-ACA9-A7174A9A9DD8}.Release|x64.ActiveCfg = Release|Any CPU
		{A064995B-639C-4184-ACA9-A7174A9A9DD8}.Release|x64.Build.0 = Release|Any CPU
		{A064995B-639C-4184-ACA9-A7174A9A9DD8}.Release|x86.ActiveCfg = Release|Any CPU
		{A064995B-639C-4184-ACA9-A7174A9A9DD8}.Release|x86.Build.0 = Release|Any CPU
		{F66FAF40-EA6D-4E98-A0F5-C84BA30FB1FA}.Debug|Any CPU.ActiveCfg = Debug|Any CPU
		{F66FAF40-EA6D-4E98-A0F5-C84BA30FB1FA}.Debug|Any CPU.Build.0 = Debug|Any CPU
		{F66FAF40-EA6D-4E98-A0F5-C84BA30FB1FA}.Debug|Any CPU.Deploy.0 = Debug|Any CPU
		{F66FAF40-EA6D-4E98-A0F5-C84BA30FB1FA}.Debug|ARM.ActiveCfg = Debug|ARM
		{F66FAF40-EA6D-4E98-A0F5-C84BA30FB1FA}.Debug|ARM.Build.0 = Debug|ARM
		{F66FAF40-EA6D-4E98-A0F5-C84BA30FB1FA}.Debug|ARM.Deploy.0 = Debug|ARM
		{F66FAF40-EA6D-4E98-A0F5-C84BA30FB1FA}.Debug|ARM64.ActiveCfg = Debug|ARM64
		{F66FAF40-EA6D-4E98-A0F5-C84BA30FB1FA}.Debug|ARM64.Build.0 = Debug|ARM64
		{F66FAF40-EA6D-4E98-A0F5-C84BA30FB1FA}.Debug|ARM64.Deploy.0 = Debug|ARM64
		{F66FAF40-EA6D-4E98-A0F5-C84BA30FB1FA}.Debug|x64.ActiveCfg = Debug|x64
		{F66FAF40-EA6D-4E98-A0F5-C84BA30FB1FA}.Debug|x64.Build.0 = Debug|x64
		{F66FAF40-EA6D-4E98-A0F5-C84BA30FB1FA}.Debug|x64.Deploy.0 = Debug|x64
		{F66FAF40-EA6D-4E98-A0F5-C84BA30FB1FA}.Debug|x86.ActiveCfg = Debug|x86
		{F66FAF40-EA6D-4E98-A0F5-C84BA30FB1FA}.Debug|x86.Build.0 = Debug|x86
		{F66FAF40-EA6D-4E98-A0F5-C84BA30FB1FA}.Debug|x86.Deploy.0 = Debug|x86
		{F66FAF40-EA6D-4E98-A0F5-C84BA30FB1FA}.Release|Any CPU.ActiveCfg = Release|Any CPU
		{F66FAF40-EA6D-4E98-A0F5-C84BA30FB1FA}.Release|Any CPU.Build.0 = Release|Any CPU
		{F66FAF40-EA6D-4E98-A0F5-C84BA30FB1FA}.Release|Any CPU.Deploy.0 = Release|Any CPU
		{F66FAF40-EA6D-4E98-A0F5-C84BA30FB1FA}.Release|ARM.ActiveCfg = Release|ARM
		{F66FAF40-EA6D-4E98-A0F5-C84BA30FB1FA}.Release|ARM.Build.0 = Release|ARM
		{F66FAF40-EA6D-4E98-A0F5-C84BA30FB1FA}.Release|ARM.Deploy.0 = Release|ARM
		{F66FAF40-EA6D-4E98-A0F5-C84BA30FB1FA}.Release|ARM64.ActiveCfg = Release|ARM64
		{F66FAF40-EA6D-4E98-A0F5-C84BA30FB1FA}.Release|ARM64.Build.0 = Release|ARM64
		{F66FAF40-EA6D-4E98-A0F5-C84BA30FB1FA}.Release|ARM64.Deploy.0 = Release|ARM64
		{F66FAF40-EA6D-4E98-A0F5-C84BA30FB1FA}.Release|x64.ActiveCfg = Release|x64
		{F66FAF40-EA6D-4E98-A0F5-C84BA30FB1FA}.Release|x64.Build.0 = Release|x64
		{F66FAF40-EA6D-4E98-A0F5-C84BA30FB1FA}.Release|x64.Deploy.0 = Release|x64
		{F66FAF40-EA6D-4E98-A0F5-C84BA30FB1FA}.Release|x86.ActiveCfg = Release|x86
		{F66FAF40-EA6D-4E98-A0F5-C84BA30FB1FA}.Release|x86.Build.0 = Release|x86
		{F66FAF40-EA6D-4E98-A0F5-C84BA30FB1FA}.Release|x86.Deploy.0 = Release|x86
	EndGlobalSection
	GlobalSection(SolutionProperties) = preSolution
		HideSolutionNode = FALSE
	EndGlobalSection
	GlobalSection(ExtensibilityGlobals) = postSolution
		SolutionGuid = {055D6354-E37E-4E4A-8ECE-93975C91DCFB}
	EndGlobalSection
EndGlobal
